// !$*UTF8*$!
{
	archiveVersion = 1;
	classes = {
	};
	objectVersion = 50;
	objects = {

/* Begin PBXBuildFile section */
		30C4172E26B2EBB500B6A2C4 /* AppDelegate.swift in Sources */ = {isa = PBXBuildFile; fileRef = 30C4172D26B2EBB500B6A2C4 /* AppDelegate.swift */; };
		30C4173026B2EBB500B6A2C4 /* SceneDelegate.swift in Sources */ = {isa = PBXBuildFile; fileRef = 30C4172F26B2EBB500B6A2C4 /* SceneDelegate.swift */; };
		30C4173226B2EBB500B6A2C4 /* ViewController.swift in Sources */ = {isa = PBXBuildFile; fileRef = 30C4173126B2EBB500B6A2C4 /* ViewController.swift */; };
		30C4173526B2EBB500B6A2C4 /* Main.storyboard in Resources */ = {isa = PBXBuildFile; fileRef = 30C4173326B2EBB500B6A2C4 /* Main.storyboard */; };
		30C4173726B2EBB900B6A2C4 /* Assets.xcassets in Resources */ = {isa = PBXBuildFile; fileRef = 30C4173626B2EBB900B6A2C4 /* Assets.xcassets */; };
		30C4173A26B2EBB900B6A2C4 /* LaunchScreen.storyboard in Resources */ = {isa = PBXBuildFile; fileRef = 30C4173826B2EBB900B6A2C4 /* LaunchScreen.storyboard */; };
		30C4174526B2EBB900B6A2C4 /* TestIOSTests.swift in Sources */ = {isa = PBXBuildFile; fileRef = 30C4174426B2EBB900B6A2C4 /* TestIOSTests.swift */; };
		30C4175026B2EBB900B6A2C4 /* TestIOSUITests.swift in Sources */ = {isa = PBXBuildFile; fileRef = 30C4174F26B2EBB900B6A2C4 /* TestIOSUITests.swift */; };
/* End PBXBuildFile section */

/* Begin PBXContainerItemProxy section */
		30C4174126B2EBB900B6A2C4 /* PBXContainerItemProxy */ = {
			isa = PBXContainerItemProxy;
			containerPortal = 30C4172226B2EBB400B6A2C4 /* Project object */;
			proxyType = 1;
			remoteGlobalIDString = 30C4172926B2EBB400B6A2C4;
			remoteInfo = TestIOS;
		};
		30C4174C26B2EBB900B6A2C4 /* PBXContainerItemProxy */ = {
			isa = PBXContainerItemProxy;
			containerPortal = 30C4172226B2EBB400B6A2C4 /* Project object */;
			proxyType = 1;
			remoteGlobalIDString = 30C4172926B2EBB400B6A2C4;
			remoteInfo = TestIOS;
		};
/* End PBXContainerItemProxy section */

/* Begin PBXFileReference section */
		30C4172A26B2EBB500B6A2C4 /* TestIOS.app */ = {isa = PBXFileReference; explicitFileType = wrapper.application; includeInIndex = 0; path = TestIOS.app; sourceTree = BUILT_PRODUCTS_DIR; };
		30C4172D26B2EBB500B6A2C4 /* AppDelegate.swift */ = {isa = PBXFileReference; lastKnownFileType = sourcecode.swift; path = AppDelegate.swift; sourceTree = "<group>"; };
		30C4172F26B2EBB500B6A2C4 /* SceneDelegate.swift */ = {isa = PBXFileReference; lastKnownFileType = sourcecode.swift; path = SceneDelegate.swift; sourceTree = "<group>"; };
		30C4173126B2EBB500B6A2C4 /* ViewController.swift */ = {isa = PBXFileReference; lastKnownFileType = sourcecode.swift; path = ViewController.swift; sourceTree = "<group>"; };
		30C4173426B2EBB500B6A2C4 /* Base */ = {isa = PBXFileReference; lastKnownFileType = file.storyboard; name = Base; path = Base.lproj/Main.storyboard; sourceTree = "<group>"; };
		30C4173626B2EBB900B6A2C4 /* Assets.xcassets */ = {isa = PBXFileReference; lastKnownFileType = folder.assetcatalog; path = Assets.xcassets; sourceTree = "<group>"; };
		30C4173926B2EBB900B6A2C4 /* Base */ = {isa = PBXFileReference; lastKnownFileType = file.storyboard; name = Base; path = Base.lproj/LaunchScreen.storyboard; sourceTree = "<group>"; };
		30C4173B26B2EBB900B6A2C4 /* Info.plist */ = {isa = PBXFileReference; lastKnownFileType = text.plist.xml; path = Info.plist; sourceTree = "<group>"; };
		30C4174026B2EBB900B6A2C4 /* TestIOSTests.xctest */ = {isa = PBXFileReference; explicitFileType = wrapper.cfbundle; includeInIndex = 0; path = TestIOSTests.xctest; sourceTree = BUILT_PRODUCTS_DIR; };
		30C4174426B2EBB900B6A2C4 /* TestIOSTests.swift */ = {isa = PBXFileReference; lastKnownFileType = sourcecode.swift; path = TestIOSTests.swift; sourceTree = "<group>"; };
		30C4174626B2EBB900B6A2C4 /* Info.plist */ = {isa = PBXFileReference; lastKnownFileType = text.plist.xml; path = Info.plist; sourceTree = "<group>"; };
		30C4174B26B2EBB900B6A2C4 /* TestIOSUITests.xctest */ = {isa = PBXFileReference; explicitFileType = wrapper.cfbundle; includeInIndex = 0; path = TestIOSUITests.xctest; sourceTree = BUILT_PRODUCTS_DIR; };
		30C4174F26B2EBB900B6A2C4 /* TestIOSUITests.swift */ = {isa = PBXFileReference; lastKnownFileType = sourcecode.swift; path = TestIOSUITests.swift; sourceTree = "<group>"; };
		30C4175126B2EBB900B6A2C4 /* Info.plist */ = {isa = PBXFileReference; lastKnownFileType = text.plist.xml; path = Info.plist; sourceTree = "<group>"; };
/* End PBXFileReference section */

/* Begin PBXFrameworksBuildPhase section */
		30C4172726B2EBB400B6A2C4 /* Frameworks */ = {
			isa = PBXFrameworksBuildPhase;
			buildActionMask = 2147483647;
			files = (
			);
			runOnlyForDeploymentPostprocessing = 0;
		};
		30C4173D26B2EBB900B6A2C4 /* Frameworks */ = {
			isa = PBXFrameworksBuildPhase;
			buildActionMask = 2147483647;
			files = (
			);
			runOnlyForDeploymentPostprocessing = 0;
		};
		30C4174826B2EBB900B6A2C4 /* Frameworks */ = {
			isa = PBXFrameworksBuildPhase;
			buildActionMask = 2147483647;
			files = (
			);
			runOnlyForDeploymentPostprocessing = 0;
		};
/* End PBXFrameworksBuildPhase section */

/* Begin PBXGroup section */
		30C4172126B2EBB400B6A2C4 = {
			isa = PBXGroup;
			children = (
				30C4172C26B2EBB500B6A2C4 /* TestIOS */,
				30C4174326B2EBB900B6A2C4 /* TestIOSTests */,
				30C4174E26B2EBB900B6A2C4 /* TestIOSUITests */,
				30C4172B26B2EBB500B6A2C4 /* Products */,
			);
			sourceTree = "<group>";
		};
		30C4172B26B2EBB500B6A2C4 /* Products */ = {
			isa = PBXGroup;
			children = (
				30C4172A26B2EBB500B6A2C4 /* TestIOS.app */,
				30C4174026B2EBB900B6A2C4 /* TestIOSTests.xctest */,
				30C4174B26B2EBB900B6A2C4 /* TestIOSUITests.xctest */,
			);
			name = Products;
			sourceTree = "<group>";
		};
		30C4172C26B2EBB500B6A2C4 /* TestIOS */ = {
			isa = PBXGroup;
			children = (
				30C4172D26B2EBB500B6A2C4 /* AppDelegate.swift */,
				30C4172F26B2EBB500B6A2C4 /* SceneDelegate.swift */,
				30C4173126B2EBB500B6A2C4 /* ViewController.swift */,
				30C4173326B2EBB500B6A2C4 /* Main.storyboard */,
				30C4173626B2EBB900B6A2C4 /* Assets.xcassets */,
				30C4173826B2EBB900B6A2C4 /* LaunchScreen.storyboard */,
				30C4173B26B2EBB900B6A2C4 /* Info.plist */,
			);
			path = TestIOS;
			sourceTree = "<group>";
		};
		30C4174326B2EBB900B6A2C4 /* TestIOSTests */ = {
			isa = PBXGroup;
			children = (
				30C4174426B2EBB900B6A2C4 /* TestIOSTests.swift */,
				30C4174626B2EBB900B6A2C4 /* Info.plist */,
			);
			path = TestIOSTests;
			sourceTree = "<group>";
		};
		30C4174E26B2EBB900B6A2C4 /* TestIOSUITests */ = {
			isa = PBXGroup;
			children = (
				30C4174F26B2EBB900B6A2C4 /* TestIOSUITests.swift */,
				30C4175126B2EBB900B6A2C4 /* Info.plist */,
			);
			path = TestIOSUITests;
			sourceTree = "<group>";
		};
/* End PBXGroup section */

/* Begin PBXNativeTarget section */
		30C4172926B2EBB400B6A2C4 /* TestIOS */ = {
			isa = PBXNativeTarget;
			buildConfigurationList = 30C4175426B2EBB900B6A2C4 /* Build configuration list for PBXNativeTarget "TestIOS" */;
			buildPhases = (
				30C4172626B2EBB400B6A2C4 /* Sources */,
				30C4172726B2EBB400B6A2C4 /* Frameworks */,
				30C4172826B2EBB400B6A2C4 /* Resources */,
			);
			buildRules = (
			);
			dependencies = (
			);
			name = TestIOS;
			productName = TestIOS;
			productReference = 30C4172A26B2EBB500B6A2C4 /* TestIOS.app */;
			productType = "com.apple.product-type.application";
		};
		30C4173F26B2EBB900B6A2C4 /* TestIOSTests */ = {
			isa = PBXNativeTarget;
			buildConfigurationList = 30C4175726B2EBB900B6A2C4 /* Build configuration list for PBXNativeTarget "TestIOSTests" */;
			buildPhases = (
				30C4173C26B2EBB900B6A2C4 /* Sources */,
				30C4173D26B2EBB900B6A2C4 /* Frameworks */,
				30C4173E26B2EBB900B6A2C4 /* Resources */,
			);
			buildRules = (
			);
			dependencies = (
				30C4174226B2EBB900B6A2C4 /* PBXTargetDependency */,
			);
			name = TestIOSTests;
			productName = TestIOSTests;
			productReference = 30C4174026B2EBB900B6A2C4 /* TestIOSTests.xctest */;
			productType = "com.apple.product-type.bundle.unit-test";
		};
		30C4174A26B2EBB900B6A2C4 /* TestIOSUITests */ = {
			isa = PBXNativeTarget;
			buildConfigurationList = 30C4175A26B2EBB900B6A2C4 /* Build configuration list for PBXNativeTarget "TestIOSUITests" */;
			buildPhases = (
				30C4174726B2EBB900B6A2C4 /* Sources */,
				30C4174826B2EBB900B6A2C4 /* Frameworks */,
				30C4174926B2EBB900B6A2C4 /* Resources */,
			);
			buildRules = (
			);
			dependencies = (
				30C4174D26B2EBB900B6A2C4 /* PBXTargetDependency */,
			);
			name = TestIOSUITests;
			productName = TestIOSUITests;
			productReference = 30C4174B26B2EBB900B6A2C4 /* TestIOSUITests.xctest */;
			productType = "com.apple.product-type.bundle.ui-testing";
		};
/* End PBXNativeTarget section */

/* Begin PBXProject section */
		30C4172226B2EBB400B6A2C4 /* Project object */ = {
			isa = PBXProject;
			attributes = {
				LastSwiftUpdateCheck = 1250;
				LastUpgradeCheck = 1250;
				TargetAttributes = {
					30C4172926B2EBB400B6A2C4 = {
						CreatedOnToolsVersion = 12.5.1;
					};
					30C4173F26B2EBB900B6A2C4 = {
						CreatedOnToolsVersion = 12.5.1;
						TestTargetID = 30C4172926B2EBB400B6A2C4;
					};
					30C4174A26B2EBB900B6A2C4 = {
						CreatedOnToolsVersion = 12.5.1;
						TestTargetID = 30C4172926B2EBB400B6A2C4;
					};
				};
			};
			buildConfigurationList = 30C4172526B2EBB400B6A2C4 /* Build configuration list for PBXProject "TestIOS" */;
			compatibilityVersion = "Xcode 9.3";
			developmentRegion = en;
			hasScannedForEncodings = 0;
			knownRegions = (
				en,
				Base,
			);
			mainGroup = 30C4172126B2EBB400B6A2C4;
			productRefGroup = 30C4172B26B2EBB500B6A2C4 /* Products */;
			projectDirPath = "";
			projectRoot = "";
			targets = (
				30C4172926B2EBB400B6A2C4 /* TestIOS */,
				30C4173F26B2EBB900B6A2C4 /* TestIOSTests */,
				30C4174A26B2EBB900B6A2C4 /* TestIOSUITests */,
			);
		};
/* End PBXProject section */

/* Begin PBXResourcesBuildPhase section */
		30C4172826B2EBB400B6A2C4 /* Resources */ = {
			isa = PBXResourcesBuildPhase;
			buildActionMask = 2147483647;
			files = (
				30C4173A26B2EBB900B6A2C4 /* LaunchScreen.storyboard in Resources */,
				30C4173726B2EBB900B6A2C4 /* Assets.xcassets in Resources */,
				30C4173526B2EBB500B6A2C4 /* Main.storyboard in Resources */,
			);
			runOnlyForDeploymentPostprocessing = 0;
		};
		30C4173E26B2EBB900B6A2C4 /* Resources */ = {
			isa = PBXResourcesBuildPhase;
			buildActionMask = 2147483647;
			files = (
			);
			runOnlyForDeploymentPostprocessing = 0;
		};
		30C4174926B2EBB900B6A2C4 /* Resources */ = {
			isa = PBXResourcesBuildPhase;
			buildActionMask = 2147483647;
			files = (
			);
			runOnlyForDeploymentPostprocessing = 0;
		};
/* End PBXResourcesBuildPhase section */

/* Begin PBXSourcesBuildPhase section */
		30C4172626B2EBB400B6A2C4 /* Sources */ = {
			isa = PBXSourcesBuildPhase;
			buildActionMask = 2147483647;
			files = (
				30C4173226B2EBB500B6A2C4 /* ViewController.swift in Sources */,
				30C4172E26B2EBB500B6A2C4 /* AppDelegate.swift in Sources */,
				30C4173026B2EBB500B6A2C4 /* SceneDelegate.swift in Sources */,
			);
			runOnlyForDeploymentPostprocessing = 0;
		};
		30C4173C26B2EBB900B6A2C4 /* Sources */ = {
			isa = PBXSourcesBuildPhase;
			buildActionMask = 2147483647;
			files = (
				30C4174526B2EBB900B6A2C4 /* TestIOSTests.swift in Sources */,
			);
			runOnlyForDeploymentPostprocessing = 0;
		};
		30C4174726B2EBB900B6A2C4 /* Sources */ = {
			isa = PBXSourcesBuildPhase;
			buildActionMask = 2147483647;
			files = (
				30C4175026B2EBB900B6A2C4 /* TestIOSUITests.swift in Sources */,
			);
			runOnlyForDeploymentPostprocessing = 0;
		};
/* End PBXSourcesBuildPhase section */

/* Begin PBXTargetDependency section */
		30C4174226B2EBB900B6A2C4 /* PBXTargetDependency */ = {
			isa = PBXTargetDependency;
			target = 30C4172926B2EBB400B6A2C4 /* TestIOS */;
			targetProxy = 30C4174126B2EBB900B6A2C4 /* PBXContainerItemProxy */;
		};
		30C4174D26B2EBB900B6A2C4 /* PBXTargetDependency */ = {
			isa = PBXTargetDependency;
			target = 30C4172926B2EBB400B6A2C4 /* TestIOS */;
			targetProxy = 30C4174C26B2EBB900B6A2C4 /* PBXContainerItemProxy */;
		};
/* End PBXTargetDependency section */

/* Begin PBXVariantGroup section */
		30C4173326B2EBB500B6A2C4 /* Main.storyboard */ = {
			isa = PBXVariantGroup;
			children = (
				30C4173426B2EBB500B6A2C4 /* Base */,
			);
			name = Main.storyboard;
			sourceTree = "<group>";
		};
		30C4173826B2EBB900B6A2C4 /* LaunchScreen.storyboard */ = {
			isa = PBXVariantGroup;
			children = (
				30C4173926B2EBB900B6A2C4 /* Base */,
			);
			name = LaunchScreen.storyboard;
			sourceTree = "<group>";
		};
/* End PBXVariantGroup section */

/* Begin XCBuildConfiguration section */
		30C4175226B2EBB900B6A2C4 /* Debug */ = {
			isa = XCBuildConfiguration;
			buildSettings = {
				ALWAYS_SEARCH_USER_PATHS = NO;
				CLANG_ANALYZER_NONNULL = YES;
				CLANG_ANALYZER_NUMBER_OBJECT_CONVERSION = YES_AGGRESSIVE;
				CLANG_CXX_LANGUAGE_STANDARD = "gnu++14";
				CLANG_CXX_LIBRARY = "libc++";
				CLANG_ENABLE_MODULES = YES;
				CLANG_ENABLE_OBJC_ARC = YES;
				CLANG_ENABLE_OBJC_WEAK = YES;
				CLANG_WARN_BLOCK_CAPTURE_AUTORELEASING = YES;
				CLANG_WARN_BOOL_CONVERSION = YES;
				CLANG_WARN_COMMA = YES;
				CLANG_WARN_CONSTANT_CONVERSION = YES;
				CLANG_WARN_DEPRECATED_OBJC_IMPLEMENTATIONS = YES;
				CLANG_WARN_DIRECT_OBJC_ISA_USAGE = YES_ERROR;
				CLANG_WARN_DOCUMENTATION_COMMENTS = YES;
				CLANG_WARN_EMPTY_BODY = YES;
				CLANG_WARN_ENUM_CONVERSION = YES;
				CLANG_WARN_INFINITE_RECURSION = YES;
				CLANG_WARN_INT_CONVERSION = YES;
				CLANG_WARN_NON_LITERAL_NULL_CONVERSION = YES;
				CLANG_WARN_OBJC_IMPLICIT_RETAIN_SELF = YES;
				CLANG_WARN_OBJC_LITERAL_CONVERSION = YES;
				CLANG_WARN_OBJC_ROOT_CLASS = YES_ERROR;
				CLANG_WARN_QUOTED_INCLUDE_IN_FRAMEWORK_HEADER = YES;
				CLANG_WARN_RANGE_LOOP_ANALYSIS = YES;
				CLANG_WARN_STRICT_PROTOTYPES = YES;
				CLANG_WARN_SUSPICIOUS_MOVE = YES;
				CLANG_WARN_UNGUARDED_AVAILABILITY = YES_AGGRESSIVE;
				CLANG_WARN_UNREACHABLE_CODE = YES;
				CLANG_WARN__DUPLICATE_METHOD_MATCH = YES;
				COPY_PHASE_STRIP = NO;
				DEBUG_INFORMATION_FORMAT = dwarf;
				ENABLE_STRICT_OBJC_MSGSEND = YES;
				ENABLE_TESTABILITY = YES;
				GCC_C_LANGUAGE_STANDARD = gnu11;
				GCC_DYNAMIC_NO_PIC = NO;
				GCC_NO_COMMON_BLOCKS = YES;
				GCC_OPTIMIZATION_LEVEL = 0;
				GCC_PREPROCESSOR_DEFINITIONS = (
					"DEBUG=1",
					"$(inherited)",
				);
				GCC_WARN_64_TO_32_BIT_CONVERSION = YES;
				GCC_WARN_ABOUT_RETURN_TYPE = YES_ERROR;
				GCC_WARN_UNDECLARED_SELECTOR = YES;
				GCC_WARN_UNINITIALIZED_AUTOS = YES_AGGRESSIVE;
				GCC_WARN_UNUSED_FUNCTION = YES;
				GCC_WARN_UNUSED_VARIABLE = YES;
				IPHONEOS_DEPLOYMENT_TARGET = 14.5;
				MTL_ENABLE_DEBUG_INFO = INCLUDE_SOURCE;
				MTL_FAST_MATH = YES;
				ONLY_ACTIVE_ARCH = YES;
				SDKROOT = iphoneos;
				SWIFT_ACTIVE_COMPILATION_CONDITIONS = DEBUG;
				SWIFT_OPTIMIZATION_LEVEL = "-Onone";
			};
			name = Debug;
		};
		30C4175326B2EBB900B6A2C4 /* Release */ = {
			isa = XCBuildConfiguration;
			buildSettings = {
				ALWAYS_SEARCH_USER_PATHS = NO;
				CLANG_ANALYZER_NONNULL = YES;
				CLANG_ANALYZER_NUMBER_OBJECT_CONVERSION = YES_AGGRESSIVE;
				CLANG_CXX_LANGUAGE_STANDARD = "gnu++14";
				CLANG_CXX_LIBRARY = "libc++";
				CLANG_ENABLE_MODULES = YES;
				CLANG_ENABLE_OBJC_ARC = YES;
				CLANG_ENABLE_OBJC_WEAK = YES;
				CLANG_WARN_BLOCK_CAPTURE_AUTORELEASING = YES;
				CLANG_WARN_BOOL_CONVERSION = YES;
				CLANG_WARN_COMMA = YES;
				CLANG_WARN_CONSTANT_CONVERSION = YES;
				CLANG_WARN_DEPRECATED_OBJC_IMPLEMENTATIONS = YES;
				CLANG_WARN_DIRECT_OBJC_ISA_USAGE = YES_ERROR;
				CLANG_WARN_DOCUMENTATION_COMMENTS = YES;
				CLANG_WARN_EMPTY_BODY = YES;
				CLANG_WARN_ENUM_CONVERSION = YES;
				CLANG_WARN_INFINITE_RECURSION = YES;
				CLANG_WARN_INT_CONVERSION = YES;
				CLANG_WARN_NON_LITERAL_NULL_CONVERSION = YES;
				CLANG_WARN_OBJC_IMPLICIT_RETAIN_SELF = YES;
				CLANG_WARN_OBJC_LITERAL_CONVERSION = YES;
				CLANG_WARN_OBJC_ROOT_CLASS = YES_ERROR;
				CLANG_WARN_QUOTED_INCLUDE_IN_FRAMEWORK_HEADER = YES;
				CLANG_WARN_RANGE_LOOP_ANALYSIS = YES;
				CLANG_WARN_STRICT_PROTOTYPES = YES;
				CLANG_WARN_SUSPICIOUS_MOVE = YES;
				CLANG_WARN_UNGUARDED_AVAILABILITY = YES_AGGRESSIVE;
				CLANG_WARN_UNREACHABLE_CODE = YES;
				CLANG_WARN__DUPLICATE_METHOD_MATCH = YES;
				COPY_PHASE_STRIP = NO;
				DEBUG_INFORMATION_FORMAT = "dwarf-with-dsym";
				ENABLE_NS_ASSERTIONS = NO;
				ENABLE_STRICT_OBJC_MSGSEND = YES;
				GCC_C_LANGUAGE_STANDARD = gnu11;
				GCC_NO_COMMON_BLOCKS = YES;
				GCC_WARN_64_TO_32_BIT_CONVERSION = YES;
				GCC_WARN_ABOUT_RETURN_TYPE = YES_ERROR;
				GCC_WARN_UNDECLARED_SELECTOR = YES;
				GCC_WARN_UNINITIALIZED_AUTOS = YES_AGGRESSIVE;
				GCC_WARN_UNUSED_FUNCTION = YES;
				GCC_WARN_UNUSED_VARIABLE = YES;
				IPHONEOS_DEPLOYMENT_TARGET = 14.5;
				MTL_ENABLE_DEBUG_INFO = NO;
				MTL_FAST_MATH = YES;
				SDKROOT = iphoneos;
				SWIFT_COMPILATION_MODE = wholemodule;
				SWIFT_OPTIMIZATION_LEVEL = "-O";
				VALIDATE_PRODUCT = YES;
			};
			name = Release;
		};
		30C4175526B2EBB900B6A2C4 /* Debug */ = {
			isa = XCBuildConfiguration;
			buildSettings = {
				ASSETCATALOG_COMPILER_APPICON_NAME = AppIcon;
				ASSETCATALOG_COMPILER_GLOBAL_ACCENT_COLOR_NAME = AccentColor;
				CODE_SIGN_STYLE = Automatic;
				DEVELOPMENT_TEAM = U58K9ZASY5;
				INFOPLIST_FILE = TestIOS/Info.plist;
				LD_RUNPATH_SEARCH_PATHS = (
					"$(inherited)",
					"@executable_path/Frameworks",
				);
				PRODUCT_BUNDLE_IDENTIFIER = kalyan.TestIOS;
				PRODUCT_NAME = "$(TARGET_NAME)";
				SWIFT_VERSION = 5.0;
				TARGETED_DEVICE_FAMILY = "1,2";
			};
			name = Debug;
		};
		30C4175626B2EBB900B6A2C4 /* Release */ = {
			isa = XCBuildConfiguration;
			buildSettings = {
				ASSETCATALOG_COMPILER_APPICON_NAME = AppIcon;
				ASSETCATALOG_COMPILER_GLOBAL_ACCENT_COLOR_NAME = AccentColor;
				CODE_SIGN_STYLE = Automatic;
				DEVELOPMENT_TEAM = U58K9ZASY5;
				INFOPLIST_FILE = TestIOS/Info.plist;
				LD_RUNPATH_SEARCH_PATHS = (
					"$(inherited)",
					"@executable_path/Frameworks",
				);
				PRODUCT_BUNDLE_IDENTIFIER = kalyan.TestIOS;
				PRODUCT_NAME = "$(TARGET_NAME)";
				SWIFT_VERSION = 5.0;
				TARGETED_DEVICE_FAMILY = "1,2";
			};
			name = Release;
		};
		30C4175826B2EBB900B6A2C4 /* Debug */ = {
			isa = XCBuildConfiguration;
			buildSettings = {
				ALWAYS_EMBED_SWIFT_STANDARD_LIBRARIES = YES;
				BUNDLE_LOADER = "$(TEST_HOST)";
				CODE_SIGN_STYLE = Automatic;
				DEVELOPMENT_TEAM = U58K9ZASY5;
				INFOPLIST_FILE = TestIOSTests/Info.plist;
				IPHONEOS_DEPLOYMENT_TARGET = 14.5;
				LD_RUNPATH_SEARCH_PATHS = (
					"$(inherited)",
					"@executable_path/Frameworks",
					"@loader_path/Frameworks",
				);
				PRODUCT_BUNDLE_IDENTIFIER = kalyan.TestIOSTests;
				PRODUCT_NAME = "$(TARGET_NAME)";
				SWIFT_VERSION = 5.0;
				TARGETED_DEVICE_FAMILY = "1,2";
				TEST_HOST = "$(BUILT_PRODUCTS_DIR)/TestIOS.app/TestIOS";
			};
			name = Debug;
		};
		30C4175926B2EBB900B6A2C4 /* Release */ = {
			isa = XCBuildConfiguration;
			buildSettings = {
				ALWAYS_EMBED_SWIFT_STANDARD_LIBRARIES = YES;
				BUNDLE_LOADER = "$(TEST_HOST)";
				CODE_SIGN_STYLE = Automatic;
				DEVELOPMENT_TEAM = U58K9ZASY5;
				INFOPLIST_FILE = TestIOSTests/Info.plist;
				IPHONEOS_DEPLOYMENT_TARGET = 14.5;
				LD_RUNPATH_SEARCH_PATHS = (
					"$(inherited)",
					"@executable_path/Frameworks",
					"@loader_path/Frameworks",
				);
				PRODUCT_BUNDLE_IDENTIFIER = kalyan.TestIOSTests;
				PRODUCT_NAME = "$(TARGET_NAME)";
				SWIFT_VERSION = 5.0;
				TARGETED_DEVICE_FAMILY = "1,2";
				TEST_HOST = "$(BUILT_PRODUCTS_DIR)/TestIOS.app/TestIOS";
			};
			name = Release;
		};
		30C4175B26B2EBB900B6A2C4 /* Debug */ = {
			isa = XCBuildConfiguration;
			buildSettings = {
				ALWAYS_EMBED_SWIFT_STANDARD_LIBRARIES = YES;
				CODE_SIGN_STYLE = Automatic;
				DEVELOPMENT_TEAM = U58K9ZASY5;
				INFOPLIST_FILE = TestIOSUITests/Info.plist;
				LD_RUNPATH_SEARCH_PATHS = (
					"$(inherited)",
					"@executable_path/Frameworks",
					"@loader_path/Frameworks",
				);
				PRODUCT_BUNDLE_IDENTIFIER = kalyan.TestIOSUITests;
				PRODUCT_NAME = "$(TARGET_NAME)";
				SWIFT_VERSION = 5.0;
				TARGETED_DEVICE_FAMILY = "1,2";
				TEST_TARGET_NAME = TestIOS;
			};
			name = Debug;
		};
		30C4175C26B2EBB900B6A2C4 /* Release */ = {
			isa = XCBuildConfiguration;
			buildSettings = {
				ALWAYS_EMBED_SWIFT_STANDARD_LIBRARIES = YES;
				CODE_SIGN_STYLE = Automatic;
				DEVELOPMENT_TEAM = U58K9ZASY5;
				INFOPLIST_FILE = TestIOSUITests/Info.plist;
				LD_RUNPATH_SEARCH_PATHS = (
					"$(inherited)",
					"@executable_path/Frameworks",
					"@loader_path/Frameworks",
				);
				PRODUCT_BUNDLE_IDENTIFIER = kalyan.TestIOSUITests;
				PRODUCT_NAME = "$(TARGET_NAME)";
				SWIFT_VERSION = 5.0;
				TARGETED_DEVICE_FAMILY = "1,2";
				TEST_TARGET_NAME = TestIOS;
			};
			name = Release;
		};
/* End XCBuildConfiguration section */

/* Begin XCConfigurationList section */
		30C4172526B2EBB400B6A2C4 /* Build configuration list for PBXProject "TestIOS" */ = {
			isa = XCConfigurationList;
			buildConfigurations = (
				30C4175226B2EBB900B6A2C4 /* Debug */,
				30C4175326B2EBB900B6A2C4 /* Release */,
			);
			defaultConfigurationIsVisible = 0;
			defaultConfigurationName = Release;
		};
		30C4175426B2EBB900B6A2C4 /* Build configuration list for PBXNativeTarget "TestIOS" */ = {
			isa = XCConfigurationList;
			buildConfigurations = (
				30C4175526B2EBB900B6A2C4 /* Debug */,
				30C4175626B2EBB900B6A2C4 /* Release */,
			);
			defaultConfigurationIsVisible = 0;
			defaultConfigurationName = Release;
		};
		30C4175726B2EBB900B6A2C4 /* Build configuration list for PBXNativeTarget "TestIOSTests" */ = {
			isa = XCConfigurationList;
			buildConfigurations = (
				30C4175826B2EBB900B6A2C4 /* Debug */,
				30C4175926B2EBB900B6A2C4 /* Release */,
			);
			defaultConfigurationIsVisible = 0;
			defaultConfigurationName = Release;
		};
		30C4175A26B2EBB900B6A2C4 /* Build configuration list for PBXNativeTarget "TestIOSUITests" */ = {
			isa = XCConfigurationList;
			buildConfigurations = (
				30C4175B26B2EBB900B6A2C4 /* Debug */,
				30C4175C26B2EBB900B6A2C4 /* Release */,
			);
			defaultConfigurationIsVisible = 0;
			defaultConfigurationName = Release;
		};
/* End XCConfigurationList section */
	};
	rootObject = 30C4172226B2EBB400B6A2C4 /* Project object */;
}
